
Microsoft Visual Studio Solution File, Format Version 12.00
# Visual Studio Version 17
VisualStudioVersion = 17.7.34221.43
MinimumVisualStudioVersion = 10.0.40219.1
Project("{9A19103F-16F7-4668-BE54-9A1E7A4F7556}") = "ThrownForALoop", "ThrownForALoop.csproj", "{A81AABD5-3717-44EB-A57B-D73CAB4FEA73}"
EndProject
Global
	GlobalSection(SolutionConfigurationPlatforms) = preSolution
		Debug|Any CPU = Debug|Any CPU
		Release|Any CPU = Release|Any CPU
	EndGlobalSection
	GlobalSection(ProjectConfigurationPlatforms) = postSolution
		{A81AABD5-3717-44EB-A57B-D73CAB4FEA73}.Debug|Any CPU.ActiveCfg = Debug|Any CPU
		{A81AABD5-3717-44EB-A57B-D73CAB4FEA73}.Debug|Any CPU.Build.0 = Debug|Any CPU
		{A81AABD5-3717-44EB-A57B-D73CAB4FEA73}.Release|Any CPU.ActiveCfg = Release|Any CPU
		{A81AABD5-3717-44EB-A57B-D73CAB4FEA73}.Release|Any CPU.Build.0 = Release|Any CPU
	EndGlobalSection
	GlobalSection(SolutionProperties) = preSolution
		HideSolutionNode = FALSE
	EndGlobalSection
	GlobalSection(ExtensibilityGlobals) = postSolution
		SolutionGuid = {452BF3FC-DA8E-4C97-9E16-29B2DBF6651F}
	EndGlobalSection
EndGlobal
